
Microsoft Visual Studio Solution File, Format Version 12.00
# Visual Studio 15
VisualStudioVersion = 15.0.28010.2003
MinimumVisualStudioVersion = 10.0.40219.1
Project("{FAE04EC0-301F-11D3-BF4B-00C04F79EFBC}") = "BackgammonClient", "BackgammonClient\BackgammonClient.csproj", "{AD0EB08E-A86E-4C63-8D7C-3D5CAC124B2D}"
EndProject
Project("{FAE04EC0-301F-11D3-BF4B-00C04F79EFBC}") = "BackgammonServer", "BackgammonServer\BackgammonServer.csproj", "{A63167BF-F7E2-4E60-AB11-5B0465F8B588}"
EndProject
Project("{FAE04EC0-301F-11D3-BF4B-00C04F79EFBC}") = "General", "General\General.csproj", "{23692816-1F1A-472D-927C-C33A7D271CF6}"
EndProject
Global
	GlobalSection(SolutionConfigurationPlatforms) = preSolution
		Debug|Any CPU = Debug|Any CPU
		Release|Any CPU = Release|Any CPU
	EndGlobalSection
	GlobalSection(ProjectConfigurationPlatforms) = postSolution
		{AD0EB08E-A86E-4C63-8D7C-3D5CAC124B2D}.Debug|Any CPU.ActiveCfg = Debug|Any CPU
		{AD0EB08E-A86E-4C63-8D7C-3D5CAC124B2D}.Debug|Any CPU.Build.0 = Debug|Any CPU
		{AD0EB08E-A86E-4C63-8D7C-3D5CAC124B2D}.Release|Any CPU.ActiveCfg = Release|Any CPU
		{AD0EB08E-A86E-4C63-8D7C-3D5CAC124B2D}.Release|Any CPU.Build.0 = Release|Any CPU
		{A63167BF-F7E2-4E60-AB11-5B0465F8B588}.Debug|Any CPU.ActiveCfg = Debug|Any CPU
		{A63167BF-F7E2-4E60-AB11-5B0465F8B588}.Debug|Any CPU.Build.0 = Debug|Any CPU
		{A63167BF-F7E2-4E60-AB11-5B0465F8B588}.Release|Any CPU.ActiveCfg = Release|Any CPU
		{A63167BF-F7E2-4E60-AB11-5B0465F8B588}.Release|Any CPU.Build.0 = Release|Any CPU
		{23692816-1F1A-472D-927C-C33A7D271CF6}.Debug|Any CPU.ActiveCfg = Debug|Any CPU
		{23692816-1F1A-472D-927C-C33A7D271CF6}.Debug|Any CPU.Build.0 = Debug|Any CPU
		{23692816-1F1A-472D-927C-C33A7D271CF6}.Release|Any CPU.ActiveCfg = Release|Any CPU
		{23692816-1F1A-472D-927C-C33A7D271CF6}.Release|Any CPU.Build.0 = Release|Any CPU
	EndGlobalSection
	GlobalSection(SolutionProperties) = preSolution
		HideSolutionNode = FALSE
	EndGlobalSection
	GlobalSection(ExtensibilityGlobals) = postSolution
		SolutionGuid = {7EEBB5A8-4ACF-4176-B3E3-348AF0580A75}
	EndGlobalSection
EndGlobal
